<Solution>
  <Project Path="Control de registro de evaluaciones/Control de registro de evaluaciones.csproj" Id="59c23b11-d601-4aab-88a8-8498dc3c3382" />
  <Project Path="Ejercicio 1/Ejercicio 1.csproj" Id="611bfaea-22d5-4c49-b9be-9520a7ebcb9c" />
  <Project Path="Ejercicio2/Ejercicio2.csproj" Id="046ae7f6-5227-4055-b3ff-86fb97f8e840" />
</Solution>
