<Solution>
  <Project Path="ejercicio de cosola/ejercicio de cosola.csproj" />
  <Project Path="ejercicio practica/ejercicio practica.csproj" />
  <Project Path="Empleado/EJERCICIO  DE EMPLEADO.csproj" />
  <Project Path="override mietodos(poliforfismo)/override mietodos(poliforfismo).csproj" />
</Solution>
