<Solution>
  <Project Path="Ejercicio 1/Ejercicio 1.csproj" />
  <Project Path="Ejercicio 2/Ejercicio 2.csproj" />
  <Project Path="Ejercicio 3/Ejercicio 3.csproj" />
  <Project Path="Ejercicio 4/Ejercicio 4.csproj" />
  <Project Path="Ejercicio 5/Ejercicio 5.csproj" />
  <Project Path="Ejercicio 6/Ejercicio 6.csproj" />
</Solution>
